// !$*UTF8*$!
{
	archiveVersion = 1;
	classes = {
	};
	objectVersion = 55;
	objects = {

/* Begin PBXBuildFile section */
		335DE6C528D0FC2E0045EB42 /* AppDelegate.swift in Sources */ = {isa = PBXBuildFile; fileRef = 335DE6C428D0FC2E0045EB42 /* AppDelegate.swift */; };
		335DE6C728D0FC2E0045EB42 /* SceneDelegate.swift in Sources */ = {isa = PBXBuildFile; fileRef = 335DE6C628D0FC2E0045EB42 /* SceneDelegate.swift */; };
		335DE6CC28D0FC2E0045EB42 /* Main.storyboard in Resources */ = {isa = PBXBuildFile; fileRef = 335DE6CA28D0FC2E0045EB42 /* Main.storyboard */; };
		335DE6CE28D0FC2F0045EB42 /* Assets.xcassets in Resources */ = {isa = PBXBuildFile; fileRef = 335DE6CD28D0FC2F0045EB42 /* Assets.xcassets */; };
		335DE6D128D0FC2F0045EB42 /* LaunchScreen.storyboard in Resources */ = {isa = PBXBuildFile; fileRef = 335DE6CF28D0FC2F0045EB42 /* LaunchScreen.storyboard */; };
		335DE6DD28D0FD400045EB42 /* TasksListsTVC.swift in Sources */ = {isa = PBXBuildFile; fileRef = 335DE6DC28D0FD400045EB42 /* TasksListsTVC.swift */; };
		335DE6DF28D0FD4E0045EB42 /* TasksTVC.swift in Sources */ = {isa = PBXBuildFile; fileRef = 335DE6DE28D0FD4E0045EB42 /* TasksTVC.swift */; };
		335DE6E128D0FDD40045EB42 /* TasksLists.swift in Sources */ = {isa = PBXBuildFile; fileRef = 335DE6E028D0FDD40045EB42 /* TasksLists.swift */; };
		335DE6E328D0FDDD0045EB42 /* Tasks.swift in Sources */ = {isa = PBXBuildFile; fileRef = 335DE6E228D0FDDD0045EB42 /* Tasks.swift */; };
		335DE6E628D0FE3A0045EB42 /* StorageManager.swift in Sources */ = {isa = PBXBuildFile; fileRef = 335DE6E528D0FE3A0045EB42 /* StorageManager.swift */; };
		335DE6E928D0FF880045EB42 /* Realm in Frameworks */ = {isa = PBXBuildFile; productRef = 335DE6E828D0FF880045EB42 /* Realm */; };
		335DE6EB28D0FF880045EB42 /* RealmSwift in Frameworks */ = {isa = PBXBuildFile; productRef = 335DE6EA28D0FF880045EB42 /* RealmSwift */; };
/* End PBXBuildFile section */

/* Begin PBXFileReference section */
		335DE6C128D0FC2E0045EB42 /* RealmApp.app */ = {isa = PBXFileReference; explicitFileType = wrapper.application; includeInIndex = 0; path = RealmApp.app; sourceTree = BUILT_PRODUCTS_DIR; };
		335DE6C428D0FC2E0045EB42 /* AppDelegate.swift */ = {isa = PBXFileReference; lastKnownFileType = sourcecode.swift; path = AppDelegate.swift; sourceTree = "<group>"; };
		335DE6C628D0FC2E0045EB42 /* SceneDelegate.swift */ = {isa = PBXFileReference; lastKnownFileType = sourcecode.swift; path = SceneDelegate.swift; sourceTree = "<group>"; };
		335DE6CB28D0FC2E0045EB42 /* Base */ = {isa = PBXFileReference; lastKnownFileType = file.storyboard; name = Base; path = Base.lproj/Main.storyboard; sourceTree = "<group>"; };
		335DE6CD28D0FC2F0045EB42 /* Assets.xcassets */ = {isa = PBXFileReference; lastKnownFileType = folder.assetcatalog; path = Assets.xcassets; sourceTree = "<group>"; };
		335DE6D028D0FC2F0045EB42 /* Base */ = {isa = PBXFileReference; lastKnownFileType = file.storyboard; name = Base; path = Base.lproj/LaunchScreen.storyboard; sourceTree = "<group>"; };
		335DE6D228D0FC2F0045EB42 /* Info.plist */ = {isa = PBXFileReference; lastKnownFileType = text.plist.xml; path = Info.plist; sourceTree = "<group>"; };
		335DE6DC28D0FD400045EB42 /* TasksListsTVC.swift */ = {isa = PBXFileReference; lastKnownFileType = sourcecode.swift; path = TasksListsTVC.swift; sourceTree = "<group>"; };
		335DE6DE28D0FD4E0045EB42 /* TasksTVC.swift */ = {isa = PBXFileReference; lastKnownFileType = sourcecode.swift; path = TasksTVC.swift; sourceTree = "<group>"; };
		335DE6E028D0FDD40045EB42 /* TasksLists.swift */ = {isa = PBXFileReference; lastKnownFileType = sourcecode.swift; path = TasksLists.swift; sourceTree = "<group>"; };
		335DE6E228D0FDDD0045EB42 /* Tasks.swift */ = {isa = PBXFileReference; lastKnownFileType = sourcecode.swift; path = Tasks.swift; sourceTree = "<group>"; };
		335DE6E528D0FE3A0045EB42 /* StorageManager.swift */ = {isa = PBXFileReference; lastKnownFileType = sourcecode.swift; path = StorageManager.swift; sourceTree = "<group>"; };
/* End PBXFileReference section */

/* Begin PBXFrameworksBuildPhase section */
		335DE6BE28D0FC2E0045EB42 /* Frameworks */ = {
			isa = PBXFrameworksBuildPhase;
			buildActionMask = 2147483647;
			files = (
				335DE6EB28D0FF880045EB42 /* RealmSwift in Frameworks */,
				335DE6E928D0FF880045EB42 /* Realm in Frameworks */,
			);
			runOnlyForDeploymentPostprocessing = 0;
		};
/* End PBXFrameworksBuildPhase section */

/* Begin PBXGroup section */
		335DE6B828D0FC2E0045EB42 = {
			isa = PBXGroup;
			children = (
				335DE6C328D0FC2E0045EB42 /* RealmApp */,
				335DE6C228D0FC2E0045EB42 /* Products */,
			);
			sourceTree = "<group>";
		};
		335DE6C228D0FC2E0045EB42 /* Products */ = {
			isa = PBXGroup;
			children = (
				335DE6C128D0FC2E0045EB42 /* RealmApp.app */,
			);
			name = Products;
			sourceTree = "<group>";
		};
		335DE6C328D0FC2E0045EB42 /* RealmApp */ = {
			isa = PBXGroup;
			children = (
				335DE6E428D0FE220045EB42 /* Managers */,
				335DE6DA28D0FCA40045EB42 /* Models */,
				335DE6DB28D0FCB50045EB42 /* Controllers */,
				335DE6D928D0FC7E0045EB42 /* Views */,
				335DE6D828D0FC6C0045EB42 /* Delegates */,
				335DE6CD28D0FC2F0045EB42 /* Assets.xcassets */,
				335DE6D228D0FC2F0045EB42 /* Info.plist */,
			);
			path = RealmApp;
			sourceTree = "<group>";
		};
		335DE6D828D0FC6C0045EB42 /* Delegates */ = {
			isa = PBXGroup;
			children = (
				335DE6C428D0FC2E0045EB42 /* AppDelegate.swift */,
				335DE6C628D0FC2E0045EB42 /* SceneDelegate.swift */,
			);
			path = Delegates;
			sourceTree = "<group>";
		};
		335DE6D928D0FC7E0045EB42 /* Views */ = {
			isa = PBXGroup;
			children = (
				335DE6CA28D0FC2E0045EB42 /* Main.storyboard */,
				335DE6CF28D0FC2F0045EB42 /* LaunchScreen.storyboard */,
			);
			path = Views;
			sourceTree = "<group>";
		};
		335DE6DA28D0FCA40045EB42 /* Models */ = {
			isa = PBXGroup;
			children = (
				335DE6E028D0FDD40045EB42 /* TasksLists.swift */,
				335DE6E228D0FDDD0045EB42 /* Tasks.swift */,
			);
			path = Models;
			sourceTree = "<group>";
		};
		335DE6DB28D0FCB50045EB42 /* Controllers */ = {
			isa = PBXGroup;
			children = (
				335DE6DC28D0FD400045EB42 /* TasksListsTVC.swift */,
				335DE6DE28D0FD4E0045EB42 /* TasksTVC.swift */,
			);
			path = Controllers;
			sourceTree = "<group>";
		};
		335DE6E428D0FE220045EB42 /* Managers */ = {
			isa = PBXGroup;
			children = (
				335DE6E528D0FE3A0045EB42 /* StorageManager.swift */,
			);
			path = Managers;
			sourceTree = "<group>";
		};
/* End PBXGroup section */

/* Begin PBXNativeTarget section */
		335DE6C028D0FC2E0045EB42 /* RealmApp */ = {
			isa = PBXNativeTarget;
			buildConfigurationList = 335DE6D528D0FC2F0045EB42 /* Build configuration list for PBXNativeTarget "RealmApp" */;
			buildPhases = (
				335DE6BD28D0FC2E0045EB42 /* Sources */,
				335DE6BE28D0FC2E0045EB42 /* Frameworks */,
				335DE6BF28D0FC2E0045EB42 /* Resources */,
			);
			buildRules = (
			);
			dependencies = (
			);
			name = RealmApp;
			packageProductDependencies = (
				335DE6E828D0FF880045EB42 /* Realm */,
				335DE6EA28D0FF880045EB42 /* RealmSwift */,
			);
			productName = RealmApp;
			productReference = 335DE6C128D0FC2E0045EB42 /* RealmApp.app */;
			productType = "com.apple.product-type.application";
		};
/* End PBXNativeTarget section */

/* Begin PBXProject section */
		335DE6B928D0FC2E0045EB42 /* Project object */ = {
			isa = PBXProject;
			attributes = {
				BuildIndependentTargetsInParallel = 1;
				LastSwiftUpdateCheck = 1340;
				LastUpgradeCheck = 1340;
				TargetAttributes = {
					335DE6C028D0FC2E0045EB42 = {
						CreatedOnToolsVersion = 13.4.1;
					};
				};
			};
			buildConfigurationList = 335DE6BC28D0FC2E0045EB42 /* Build configuration list for PBXProject "RealmApp" */;
			compatibilityVersion = "Xcode 13.0";
			developmentRegion = en;
			hasScannedForEncodings = 0;
			knownRegions = (
				en,
				Base,
			);
			mainGroup = 335DE6B828D0FC2E0045EB42;
			packageReferences = (
				335DE6E728D0FF880045EB42 /* XCRemoteSwiftPackageReference "realm-swift" */,
			);
			productRefGroup = 335DE6C228D0FC2E0045EB42 /* Products */;
			projectDirPath = "";
			projectRoot = "";
			targets = (
				335DE6C028D0FC2E0045EB42 /* RealmApp */,
			);
		};
/* End PBXProject section */

/* Begin PBXResourcesBuildPhase section */
		335DE6BF28D0FC2E0045EB42 /* Resources */ = {
			isa = PBXResourcesBuildPhase;
			buildActionMask = 2147483647;
			files = (
				335DE6D128D0FC2F0045EB42 /* LaunchScreen.storyboard in Resources */,
				335DE6CE28D0FC2F0045EB42 /* Assets.xcassets in Resources */,
				335DE6CC28D0FC2E0045EB42 /* Main.storyboard in Resources */,
			);
			runOnlyForDeploymentPostprocessing = 0;
		};
/* End PBXResourcesBuildPhase section */

/* Begin PBXSourcesBuildPhase section */
		335DE6BD28D0FC2E0045EB42 /* Sources */ = {
			isa = PBXSourcesBuildPhase;
			buildActionMask = 2147483647;
			files = (
				335DE6DF28D0FD4E0045EB42 /* TasksTVC.swift in Sources */,
				335DE6C528D0FC2E0045EB42 /* AppDelegate.swift in Sources */,
				335DE6DD28D0FD400045EB42 /* TasksListsTVC.swift in Sources */,
				335DE6E628D0FE3A0045EB42 /* StorageManager.swift in Sources */,
				335DE6E128D0FDD40045EB42 /* TasksLists.swift in Sources */,
				335DE6E328D0FDDD0045EB42 /* Tasks.swift in Sources */,
				335DE6C728D0FC2E0045EB42 /* SceneDelegate.swift in Sources */,
			);
			runOnlyForDeploymentPostprocessing = 0;
		};
/* End PBXSourcesBuildPhase section */

/* Begin PBXVariantGroup section */
		335DE6CA28D0FC2E0045EB42 /* Main.storyboard */ = {
			isa = PBXVariantGroup;
			children = (
				335DE6CB28D0FC2E0045EB42 /* Base */,
			);
			name = Main.storyboard;
			sourceTree = "<group>";
		};
		335DE6CF28D0FC2F0045EB42 /* LaunchScreen.storyboard */ = {
			isa = PBXVariantGroup;
			children = (
				335DE6D028D0FC2F0045EB42 /* Base */,
			);
			name = LaunchScreen.storyboard;
			sourceTree = "<group>";
		};
/* End PBXVariantGroup section */

/* Begin XCBuildConfiguration section */
		335DE6D328D0FC2F0045EB42 /* Debug */ = {
			isa = XCBuildConfiguration;
			buildSettings = {
				ALWAYS_SEARCH_USER_PATHS = NO;
				CLANG_ANALYZER_NONNULL = YES;
				CLANG_ANALYZER_NUMBER_OBJECT_CONVERSION = YES_AGGRESSIVE;
				CLANG_CXX_LANGUAGE_STANDARD = "gnu++17";
				CLANG_ENABLE_MODULES = YES;
				CLANG_ENABLE_OBJC_ARC = YES;
				CLANG_ENABLE_OBJC_WEAK = YES;
				CLANG_WARN_BLOCK_CAPTURE_AUTORELEASING = YES;
				CLANG_WARN_BOOL_CONVERSION = YES;
				CLANG_WARN_COMMA = YES;
				CLANG_WARN_CONSTANT_CONVERSION = YES;
				CLANG_WARN_DEPRECATED_OBJC_IMPLEMENTATIONS = YES;
				CLANG_WARN_DIRECT_OBJC_ISA_USAGE = YES_ERROR;
				CLANG_WARN_DOCUMENTATION_COMMENTS = YES;
				CLANG_WARN_EMPTY_BODY = YES;
				CLANG_WARN_ENUM_CONVERSION = YES;
				CLANG_WARN_INFINITE_RECURSION = YES;
				CLANG_WARN_INT_CONVERSION = YES;
				CLANG_WARN_NON_LITERAL_NULL_CONVERSION = YES;
				CLANG_WARN_OBJC_IMPLICIT_RETAIN_SELF = YES;
				CLANG_WARN_OBJC_LITERAL_CONVERSION = YES;
				CLANG_WARN_OBJC_ROOT_CLASS = YES_ERROR;
				CLANG_WARN_QUOTED_INCLUDE_IN_FRAMEWORK_HEADER = YES;
				CLANG_WARN_RANGE_LOOP_ANALYSIS = YES;
				CLANG_WARN_STRICT_PROTOTYPES = YES;
				CLANG_WARN_SUSPICIOUS_MOVE = YES;
				CLANG_WARN_UNGUARDED_AVAILABILITY = YES_AGGRESSIVE;
				CLANG_WARN_UNREACHABLE_CODE = YES;
				CLANG_WARN__DUPLICATE_METHOD_MATCH = YES;
				COPY_PHASE_STRIP = NO;
				DEBUG_INFORMATION_FORMAT = dwarf;
				ENABLE_STRICT_OBJC_MSGSEND = YES;
				ENABLE_TESTABILITY = YES;
				GCC_C_LANGUAGE_STANDARD = gnu11;
				GCC_DYNAMIC_NO_PIC = NO;
				GCC_NO_COMMON_BLOCKS = YES;
				GCC_OPTIMIZATION_LEVEL = 0;
				GCC_PREPROCESSOR_DEFINITIONS = (
					"DEBUG=1",
					"$(inherited)",
				);
				GCC_WARN_64_TO_32_BIT_CONVERSION = YES;
				GCC_WARN_ABOUT_RETURN_TYPE = YES_ERROR;
				GCC_WARN_UNDECLARED_SELECTOR = YES;
				GCC_WARN_UNINITIALIZED_AUTOS = YES_AGGRESSIVE;
				GCC_WARN_UNUSED_FUNCTION = YES;
				GCC_WARN_UNUSED_VARIABLE = YES;
				IPHONEOS_DEPLOYMENT_TARGET = 15.5;
				MTL_ENABLE_DEBUG_INFO = INCLUDE_SOURCE;
				MTL_FAST_MATH = YES;
				ONLY_ACTIVE_ARCH = YES;
				SDKROOT = iphoneos;
				SWIFT_ACTIVE_COMPILATION_CONDITIONS = DEBUG;
				SWIFT_OPTIMIZATION_LEVEL = "-Onone";
			};
			name = Debug;
		};
		335DE6D428D0FC2F0045EB42 /* Release */ = {
			isa = XCBuildConfiguration;
			buildSettings = {
				ALWAYS_SEARCH_USER_PATHS = NO;
				CLANG_ANALYZER_NONNULL = YES;
				CLANG_ANALYZER_NUMBER_OBJECT_CONVERSION = YES_AGGRESSIVE;
				CLANG_CXX_LANGUAGE_STANDARD = "gnu++17";
				CLANG_ENABLE_MODULES = YES;
				CLANG_ENABLE_OBJC_ARC = YES;
				CLANG_ENABLE_OBJC_WEAK = YES;
				CLANG_WARN_BLOCK_CAPTURE_AUTORELEASING = YES;
				CLANG_WARN_BOOL_CONVERSION = YES;
				CLANG_WARN_COMMA = YES;
				CLANG_WARN_CONSTANT_CONVERSION = YES;
				CLANG_WARN_DEPRECATED_OBJC_IMPLEMENTATIONS = YES;
				CLANG_WARN_DIRECT_OBJC_ISA_USAGE = YES_ERROR;
				CLANG_WARN_DOCUMENTATION_COMMENTS = YES;
				CLANG_WARN_EMPTY_BODY = YES;
				CLANG_WARN_ENUM_CONVERSION = YES;
				CLANG_WARN_INFINITE_RECURSION = YES;
				CLANG_WARN_INT_CONVERSION = YES;
				CLANG_WARN_NON_LITERAL_NULL_CONVERSION = YES;
				CLANG_WARN_OBJC_IMPLICIT_RETAIN_SELF = YES;
				CLANG_WARN_OBJC_LITERAL_CONVERSION = YES;
				CLANG_WARN_OBJC_ROOT_CLASS = YES_ERROR;
				CLANG_WARN_QUOTED_INCLUDE_IN_FRAMEWORK_HEADER = YES;
				CLANG_WARN_RANGE_LOOP_ANALYSIS = YES;
				CLANG_WARN_STRICT_PROTOTYPES = YES;
				CLANG_WARN_SUSPICIOUS_MOVE = YES;
				CLANG_WARN_UNGUARDED_AVAILABILITY = YES_AGGRESSIVE;
				CLANG_WARN_UNREACHABLE_CODE = YES;
				CLANG_WARN__DUPLICATE_METHOD_MATCH = YES;
				COPY_PHASE_STRIP = NO;
				DEBUG_INFORMATION_FORMAT = "dwarf-with-dsym";
				ENABLE_NS_ASSERTIONS = NO;
				ENABLE_STRICT_OBJC_MSGSEND = YES;
				GCC_C_LANGUAGE_STANDARD = gnu11;
				GCC_NO_COMMON_BLOCKS = YES;
				GCC_WARN_64_TO_32_BIT_CONVERSION = YES;
				GCC_WARN_ABOUT_RETURN_TYPE = YES_ERROR;
				GCC_WARN_UNDECLARED_SELECTOR = YES;
				GCC_WARN_UNINITIALIZED_AUTOS = YES_AGGRESSIVE;
				GCC_WARN_UNUSED_FUNCTION = YES;
				GCC_WARN_UNUSED_VARIABLE = YES;
				IPHONEOS_DEPLOYMENT_TARGET = 15.5;
				MTL_ENABLE_DEBUG_INFO = NO;
				MTL_FAST_MATH = YES;
				SDKROOT = iphoneos;
				SWIFT_COMPILATION_MODE = wholemodule;
				SWIFT_OPTIMIZATION_LEVEL = "-O";
				VALIDATE_PRODUCT = YES;
			};
			name = Release;
		};
		335DE6D628D0FC2F0045EB42 /* Debug */ = {
			isa = XCBuildConfiguration;
			buildSettings = {
				ASSETCATALOG_COMPILER_APPICON_NAME = AppIcon;
				ASSETCATALOG_COMPILER_GLOBAL_ACCENT_COLOR_NAME = AccentColor;
				CODE_SIGN_STYLE = Automatic;
				CURRENT_PROJECT_VERSION = 1;
				DEVELOPMENT_TEAM = A4MXG7394A;
				GENERATE_INFOPLIST_FILE = YES;
				INFOPLIST_FILE = RealmApp/Info.plist;
				INFOPLIST_KEY_UIApplicationSupportsIndirectInputEvents = YES;
				INFOPLIST_KEY_UILaunchStoryboardName = LaunchScreen;
				INFOPLIST_KEY_UIMainStoryboardFile = Main;
				INFOPLIST_KEY_UISupportedInterfaceOrientations_iPad = "UIInterfaceOrientationPortrait UIInterfaceOrientationPortraitUpsideDown UIInterfaceOrientationLandscapeLeft UIInterfaceOrientationLandscapeRight";
				INFOPLIST_KEY_UISupportedInterfaceOrientations_iPhone = "UIInterfaceOrientationPortrait UIInterfaceOrientationLandscapeLeft UIInterfaceOrientationLandscapeRight";
				LD_RUNPATH_SEARCH_PATHS = (
					"$(inherited)",
					"@executable_path/Frameworks",
				);
				MARKETING_VERSION = 1.0;
				PRODUCT_BUNDLE_IDENTIFIER = home.RealmApp;
				PRODUCT_NAME = "$(TARGET_NAME)";
				SWIFT_EMIT_LOC_STRINGS = YES;
				SWIFT_VERSION = 5.0;
				TARGETED_DEVICE_FAMILY = "1,2";
			};
			name = Debug;
		};
		335DE6D728D0FC2F0045EB42 /* Release */ = {
			isa = XCBuildConfiguration;
			buildSettings = {
				ASSETCATALOG_COMPILER_APPICON_NAME = AppIcon;
				ASSETCATALOG_COMPILER_GLOBAL_ACCENT_COLOR_NAME = AccentColor;
				CODE_SIGN_STYLE = Automatic;
				CURRENT_PROJECT_VERSION = 1;
				DEVELOPMENT_TEAM = A4MXG7394A;
				GENERATE_INFOPLIST_FILE = YES;
				INFOPLIST_FILE = RealmApp/Info.plist;
				INFOPLIST_KEY_UIApplicationSupportsIndirectInputEvents = YES;
				INFOPLIST_KEY_UILaunchStoryboardName = LaunchScreen;
				INFOPLIST_KEY_UIMainStoryboardFile = Main;
				INFOPLIST_KEY_UISupportedInterfaceOrientations_iPad = "UIInterfaceOrientationPortrait UIInterfaceOrientationPortraitUpsideDown UIInterfaceOrientationLandscapeLeft UIInterfaceOrientationLandscapeRight";
				INFOPLIST_KEY_UISupportedInterfaceOrientations_iPhone = "UIInterfaceOrientationPortrait UIInterfaceOrientationLandscapeLeft UIInterfaceOrientationLandscapeRight";
				LD_RUNPATH_SEARCH_PATHS = (
					"$(inherited)",
					"@executable_path/Frameworks",
				);
				MARKETING_VERSION = 1.0;
				PRODUCT_BUNDLE_IDENTIFIER = home.RealmApp;
				PRODUCT_NAME = "$(TARGET_NAME)";
				SWIFT_EMIT_LOC_STRINGS = YES;
				SWIFT_VERSION = 5.0;
				TARGETED_DEVICE_FAMILY = "1,2";
			};
			name = Release;
		};
/* End XCBuildConfiguration section */

/* Begin XCConfigurationList section */
		335DE6BC28D0FC2E0045EB42 /* Build configuration list for PBXProject "RealmApp" */ = {
			isa = XCConfigurationList;
			buildConfigurations = (
				335DE6D328D0FC2F0045EB42 /* Debug */,
				335DE6D428D0FC2F0045EB42 /* Release */,
			);
			defaultConfigurationIsVisible = 0;
			defaultConfigurationName = Release;
		};
		335DE6D528D0FC2F0045EB42 /* Build configuration list for PBXNativeTarget "RealmApp" */ = {
			isa = XCConfigurationList;
			buildConfigurations = (
				335DE6D628D0FC2F0045EB42 /* Debug */,
				335DE6D728D0FC2F0045EB42 /* Release */,
			);
			defaultConfigurationIsVisible = 0;
			defaultConfigurationName = Release;
		};
/* End XCConfigurationList section */

/* Begin XCRemoteSwiftPackageReference section */
		335DE6E728D0FF880045EB42 /* XCRemoteSwiftPackageReference "realm-swift" */ = {
			isa = XCRemoteSwiftPackageReference;
			repositoryURL = "https://github.com/realm/realm-swift.git";
			requirement = {
				kind = upToNextMajorVersion;
				minimumVersion = 10.29.0;
			};
		};
/* End XCRemoteSwiftPackageReference section */

/* Begin XCSwiftPackageProductDependency section */
		335DE6E828D0FF880045EB42 /* Realm */ = {
			isa = XCSwiftPackageProductDependency;
			package = 335DE6E728D0FF880045EB42 /* XCRemoteSwiftPackageReference "realm-swift" */;
			productName = Realm;
		};
		335DE6EA28D0FF880045EB42 /* RealmSwift */ = {
			isa = XCSwiftPackageProductDependency;
			package = 335DE6E728D0FF880045EB42 /* XCRemoteSwiftPackageReference "realm-swift" */;
			productName = RealmSwift;
		};
/* End XCSwiftPackageProductDependency section */
	};
	rootObject = 335DE6B928D0FC2E0045EB42 /* Project object */;
}
